{
    "_meta": {
        "hash": {
            "sha256": "804d475ef2885b2955a6bd92bb989ff23eba15d68d025026110c62e02d11de96"
        },
        "pipfile-spec": 6,
        "requires": {
            "python_full_version": "3.13.1",
            "python_version": "3.13"
        },
        "sources": [
            {
                "name": "pypi",
                "url": "https://pypi.org/simple",
                "verify_ssl": true
            }
        ]
    },
    "default": {},
    "develop": {
        "anyio": {
            "hashes": [
                "sha256:1d9fe889df5212298c0c0723fa20479d1b94883a2df44bd3897aa91083316f7a",
                "sha256:b5011f270ab5eb0abf13385f851315585cc37ef330dd88e27ec3d34d651fd47a"
            ],
            "markers": "python_version >= '3.9'",
            "version": "==4.8.0"
        },
        "blinker": {
            "hashes": [
                "sha256:b4ce2265a7abece45e7cc896e98dbebe6cead56bcf805a3d23136d145f5445bf",
                "sha256:ba0efaa9080b619ff2f3459d1d500c57bddea4a6b424b60a91141db6fd2f08bc"
            ],
            "markers": "python_version >= '3.9'",
            "version": "==1.9.0"
        },
        "docutils": {
            "hashes": [
                "sha256:3a6b18732edf182daa3cd12775bbb338cf5691468f91eeeb109deff6ebfa986f",
                "sha256:dafca5b9e384f0e419294eb4d2ff9fa826435bf15f15b7bd45723e8ad76811b2"
            ],
            "markers": "python_version >= '3.9'",
            "version": "==0.21.2"
        },
        "feedgenerator": {
            "hashes": [
                "sha256:93b7ce1c5a86195cafd6a8e9baf6a2a863ebd6d9905e840ce5778f73efd9a8d5",
                "sha256:f075f23f28fd227f097c36b212161c6cf012e1c6caaf7ff53d5d6bb02cd42b9d"
            ],
            "markers": "python_version >= '3.7'",
            "version": "==2.1.0"
        },
        "idna": {
            "hashes": [
                "sha256:12f65c9b470abda6dc35cf8e63cc574b1c52b11df2c86030af0ac09b01b13ea9",
                "sha256:946d195a0d259cbba61165e88e65941f16e9b36ea6ddb97f00452bae8b1287d3"
            ],
            "markers": "python_version >= '3.6'",
            "version": "==3.10"
        },
        "jinja2": {
            "hashes": [
                "sha256:8fefff8dc3034e27bb80d67c671eb8a9bc424c0ef4c0826edbff304cceff43bb",
                "sha256:aba0f4dc9ed8013c424088f68a5c226f7d6097ed89b246d7749c2ec4175c6adb"
            ],
            "markers": "python_version >= '3.7'",
            "version": "==3.1.5"
        },
        "markdown": {
            "hashes": [
                "sha256:2ae2471477cfd02dbbf038d5d9bc226d40def84b4fe2986e49b59b6b472bbed2",
                "sha256:7eb6df5690b81a1d7942992c97fad2938e956e79df20cbc6186e9c3a77b1c803"
            ],
            "version": "==3.7"
        },
        "markdown-it-py": {
            "hashes": [
                "sha256:355216845c60bd96232cd8d8c40e8f9765cc86f46880e43a8fd22dc1a1a8cab1",
                "sha256:e3f60a94fa066dc52ec76661e37c851cb232d92f9886b15cb560aaada2df8feb"
            ],
            "markers": "python_version >= '3.8'",
            "version": "==3.0.0"
        },
        "markupsafe": {
            "hashes": [
                "sha256:0bff5e0ae4ef2e1ae4fdf2dfd5b76c75e5c2fa4132d05fc1b0dabcd20c7e28c4",
                "sha256:0f4ca02bea9a23221c0182836703cbf8930c5e9454bacce27e767509fa286a30",
                "sha256:1225beacc926f536dc82e45f8a4d68502949dc67eea90eab715dea3a21c1b5f0",
                "sha256:131a3c7689c85f5ad20f9f6fb1b866f402c445b220c19fe4308c0b147ccd2ad9",
                "sha256:15ab75ef81add55874e7ab7055e9c397312385bd9ced94920f2802310c930396",
                "sha256:1a9d3f5f0901fdec14d8d2f66ef7d035f2157240a433441719ac9a3fba440b13",
                "sha256:1c99d261bd2d5f6b59325c92c73df481e05e57f19837bdca8413b9eac4bd8028",
                "sha256:1e084f686b92e5b83186b07e8a17fc09e38fff551f3602b249881fec658d3eca",
                "sha256:2181e67807fc2fa785d0592dc2d6206c019b9502410671cc905d132a92866557",
                "sha256:2cb8438c3cbb25e220c2ab33bb226559e7afb3baec11c4f218ffa7308603c832",
                "sha256:3169b1eefae027567d1ce6ee7cae382c57fe26e82775f460f0b2778beaad66c0",
                "sha256:3809ede931876f5b2ec92eef964286840ed3540dadf803dd570c3b7e13141a3b",
                "sha256:38a9ef736c01fccdd6600705b09dc574584b89bea478200c5fbf112a6b0d5579",
                "sha256:3d79d162e7be8f996986c064d1c7c817f6df3a77fe3d6859f6f9e7be4b8c213a",
                "sha256:444dcda765c8a838eaae23112db52f1efaf750daddb2d9ca300bcae1039adc5c",
                "sha256:48032821bbdf20f5799ff537c7ac3d1fba0ba032cfc06194faffa8cda8b560ff",
                "sha256:4aa4e5faecf353ed117801a068ebab7b7e09ffb6e1d5e412dc852e0da018126c",
                "sha256:52305740fe773d09cffb16f8ed0427942901f00adedac82ec8b67752f58a1b22",
                "sha256:569511d3b58c8791ab4c2e1285575265991e6d8f8700c7be0e88f86cb0672094",
                "sha256:57cb5a3cf367aeb1d316576250f65edec5bb3be939e9247ae594b4bcbc317dfb",
                "sha256:5b02fb34468b6aaa40dfc198d813a641e3a63b98c2b05a16b9f80b7ec314185e",
                "sha256:6381026f158fdb7c72a168278597a5e3a5222e83ea18f543112b2662a9b699c5",
                "sha256:6af100e168aa82a50e186c82875a5893c5597a0c1ccdb0d8b40240b1f28b969a",
                "sha256:6c89876f41da747c8d3677a2b540fb32ef5715f97b66eeb0c6b66f5e3ef6f59d",
                "sha256:6e296a513ca3d94054c2c881cc913116e90fd030ad1c656b3869762b754f5f8a",
                "sha256:70a87b411535ccad5ef2f1df5136506a10775d267e197e4cf531ced10537bd6b",
                "sha256:7e94c425039cde14257288fd61dcfb01963e658efbc0ff54f5306b06054700f8",
                "sha256:846ade7b71e3536c4e56b386c2a47adf5741d2d8b94ec9dc3e92e5e1ee1e2225",
                "sha256:88416bd1e65dcea10bc7569faacb2c20ce071dd1f87539ca2ab364bf6231393c",
                "sha256:88b49a3b9ff31e19998750c38e030fc7bb937398b1f78cfa599aaef92d693144",
                "sha256:8c4e8c3ce11e1f92f6536ff07154f9d49677ebaaafc32db9db4620bc11ed480f",
                "sha256:8e06879fc22a25ca47312fbe7c8264eb0b662f6db27cb2d3bbbc74b1df4b9b87",
                "sha256:9025b4018f3a1314059769c7bf15441064b2207cb3f065e6ea1e7359cb46db9d",
                "sha256:93335ca3812df2f366e80509ae119189886b0f3c2b81325d39efdb84a1e2ae93",
                "sha256:9778bd8ab0a994ebf6f84c2b949e65736d5575320a17ae8984a77fab08db94cf",
                "sha256:9e2d922824181480953426608b81967de705c3cef4d1af983af849d7bd619158",
                "sha256:a123e330ef0853c6e822384873bef7507557d8e4a082961e1defa947aa59ba84",
                "sha256:a904af0a6162c73e3edcb969eeeb53a63ceeb5d8cf642fade7d39e7963a22ddb",
                "sha256:ad10d3ded218f1039f11a75f8091880239651b52e9bb592ca27de44eed242a48",
                "sha256:b424c77b206d63d500bcb69fa55ed8d0e6a3774056bdc4839fc9298a7edca171",
                "sha256:b5a6b3ada725cea8a5e634536b1b01c30bcdcd7f9c6fff4151548d5bf6b3a36c",
                "sha256:ba8062ed2cf21c07a9e295d5b8a2a5ce678b913b45fdf68c32d95d6c1291e0b6",
                "sha256:ba9527cdd4c926ed0760bc301f6728ef34d841f405abf9d4f959c478421e4efd",
                "sha256:bbcb445fa71794da8f178f0f6d66789a28d7319071af7a496d4d507ed566270d",
                "sha256:bcf3e58998965654fdaff38e58584d8937aa3096ab5354d493c77d1fdd66d7a1",
                "sha256:c0ef13eaeee5b615fb07c9a7dadb38eac06a0608b41570d8ade51c56539e509d",
                "sha256:cabc348d87e913db6ab4aa100f01b08f481097838bdddf7c7a84b7575b7309ca",
                "sha256:cdb82a876c47801bb54a690c5ae105a46b392ac6099881cdfb9f6e95e4014c6a",
                "sha256:cfad01eed2c2e0c01fd0ecd2ef42c492f7f93902e39a42fc9ee1692961443a29",
                "sha256:d16a81a06776313e817c951135cf7340a3e91e8c1ff2fac444cfd75fffa04afe",
                "sha256:d8213e09c917a951de9d09ecee036d5c7d36cb6cb7dbaece4c71a60d79fb9798",
                "sha256:e07c3764494e3776c602c1e78e298937c3315ccc9043ead7e685b7f2b8d47b3c",
                "sha256:e17c96c14e19278594aa4841ec148115f9c7615a47382ecb6b82bd8fea3ab0c8",
                "sha256:e444a31f8db13eb18ada366ab3cf45fd4b31e4db1236a4448f68778c1d1a5a2f",
                "sha256:e6a2a455bd412959b57a172ce6328d2dd1f01cb2135efda2e4576e8a23fa3b0f",
                "sha256:eaa0a10b7f72326f1372a713e73c3f739b524b3af41feb43e4921cb529f5929a",
                "sha256:eb7972a85c54febfb25b5c4b4f3af4dcc731994c7da0d8a0b4a6eb0640e1d178",
                "sha256:ee55d3edf80167e48ea11a923c7386f4669df67d7994554387f84e7d8b0a2bf0",
                "sha256:f3818cb119498c0678015754eba762e0d61e5b52d34c8b13d770f0719f7b1d79",
                "sha256:f8b3d067f2e40fe93e1ccdd6b2e1d16c43140e76f02fb1319a05cf2b79d99430",
                "sha256:fcabf5ff6eea076f859677f5f0b6b5c1a51e70a376b0579e0eadef8db48c6b50"
            ],
            "markers": "python_version >= '3.9'",
            "version": "==3.0.2"
        },
        "mdurl": {
            "hashes": [
                "sha256:84008a41e51615a49fc9966191ff91509e3c40b939176e643fd50a5c2196b8f8",
                "sha256:bb413d29f5eea38f31dd4754dd7377d4465116fb207585f97bf925588687c1ba"
            ],
            "markers": "python_version >= '3.7'",
            "version": "==0.1.2"
        },
        "ordered-set": {
            "hashes": [
                "sha256:046e1132c71fcf3330438a539928932caf51ddbc582496833e23de611de14562",
                "sha256:694a8e44c87657c59292ede72891eb91d34131f6531463aab3009191c77364a8"
            ],
            "markers": "python_version >= '3.7'",
            "version": "==4.1.0"
        },
        "pelican": {
            "extras": [
                "markdown"
            ],
            "hashes": [
                "sha256:aca6993f6b8a03a20f6828471089cb0504a4dca71e0d30b341fa80ab65668fa4",
                "sha256:b90234487b818d391733acc1306b785934009749b1fc112b879df9bd89478bd8"
            ],
            "markers": "python_version >= '3.9' and python_version < '4.0'",
            "version": "==4.11.0"
        },
        "pygments": {
            "hashes": [
                "sha256:786ff802f32e91311bff3889f6e9a86e81505fe99f2735bb6d60ae0c5004f199",
                "sha256:b8e6aca0523f3ab76fee51799c488e38782ac06eafcf95e7ba832985c8e7b13a"
            ],
            "markers": "python_version >= '3.8'",
            "version": "==2.18.0"
        },
        "python-dateutil": {
            "hashes": [
                "sha256:37dd54208da7e1cd875388217d5e00ebd4179249f90fb72437e91a35459a0ad3",
                "sha256:a8b2bc7bffae282281c8140a97d3aa9c14da0b136dfe83f850eea9a5f7470427"
            ],
            "markers": "python_version >= '2.7' and python_version not in '3.0, 3.1, 3.2'",
            "version": "==2.9.0.post0"
        },
        "pytz": {
            "hashes": [
                "sha256:2aa355083c50a0f93fa581709deac0c9ad65cca8a9e9beac660adcbd493c798a",
                "sha256:31c7c1817eb7fae7ca4b8c7ee50c72f93aa2dd863de768e1ef4245d426aa0725"
            ],
            "version": "==2024.2"
        },
        "rich": {
            "hashes": [
                "sha256:439594978a49a09530cff7ebc4b5c7103ef57baf48d5ea3184f21d9a2befa098",
                "sha256:6049d5e6ec054bf2779ab3358186963bac2ea89175919d699e378b99738c2a90"
            ],
            "markers": "python_full_version >= '3.8.0'",
            "version": "==13.9.4"
        },
        "six": {
            "hashes": [
                "sha256:4721f391ed90541fddacab5acf947aa0d3dc7d27b2e1e8eda2be8970586c3274",
                "sha256:ff70335d468e7eb6ec65b95b99d3a2836546063f63acc5171de367e834932a81"
            ],
            "markers": "python_version >= '2.7' and python_version not in '3.0, 3.1, 3.2'",
            "version": "==1.17.0"
        },
        "sniffio": {
            "hashes": [
                "sha256:2f6da418d1f1e0fddd844478f41680e794e6051915791a034ff65e5f100525a2",
                "sha256:f4324edc670a0f49750a81b895f35c3adb843cca46f0530f79fc1babb23789dc"
            ],
            "markers": "python_version >= '3.7'",
            "version": "==1.3.1"
        },
        "unidecode": {
            "hashes": [
                "sha256:cfdb349d46ed3873ece4586b96aa75258726e2fa8ec21d6f00a591d98806c2f4",
                "sha256:d130a61ce6696f8148a3bd8fe779c99adeb4b870584eeb9526584e9aa091fd39"
            ],
            "markers": "python_version >= '3.5'",
            "version": "==1.3.8"
        },
        "watchfiles": {
            "hashes": [
                "sha256:02a526ee5b5a09e8168314c905fc545c9bc46509896ed282aeb5a8ba9bd6ca27",
                "sha256:05d341c71f3d7098920f8551d4df47f7b57ac5b8dad56558064c3431bdfc0b74",
                "sha256:076f293100db3b0b634514aa0d294b941daa85fc777f9c698adb1009e5aca0b1",
                "sha256:0799ae68dfa95136dde7c472525700bd48777875a4abb2ee454e3ab18e9fc712",
                "sha256:0986902677a1a5e6212d0c49b319aad9cc48da4bd967f86a11bde96ad9676ca1",
                "sha256:0bc80d91ddaf95f70258cf78c471246846c1986bcc5fd33ccc4a1a67fcb40f9a",
                "sha256:13c2ce7b72026cfbca120d652f02c7750f33b4c9395d79c9790b27f014c8a5a2",
                "sha256:1941b4e39de9b38b868a69b911df5e89dc43767feeda667b40ae032522b9b5f1",
                "sha256:1eacd91daeb5158c598fe22d7ce66d60878b6294a86477a4715154990394c9b3",
                "sha256:229e6ec880eca20e0ba2f7e2249c85bae1999d330161f45c78d160832e026ee2",
                "sha256:22bb55a7c9e564e763ea06c7acea24fc5d2ee5dfc5dafc5cfbedfe58505e9f90",
                "sha256:278aaa395f405972e9f523bd786ed59dfb61e4b827856be46a42130605fd0899",
                "sha256:2a9f93f8439639dc244c4d2902abe35b0279102bca7bbcf119af964f51d53c19",
                "sha256:308ac265c56f936636e3b0e3f59e059a40003c655228c131e1ad439957592303",
                "sha256:31f1a379c9dcbb3f09cf6be1b7e83b67c0e9faabed0471556d9438a4a4e14202",
                "sha256:32b026a6ab64245b584acf4931fe21842374da82372d5c039cba6bf99ef722f3",
                "sha256:342622287b5604ddf0ed2d085f3a589099c9ae8b7331df3ae9845571586c4f3d",
                "sha256:39f4914548b818540ef21fd22447a63e7be6e24b43a70f7642d21f1e73371590",
                "sha256:3f68d8e9d5a321163ddacebe97091000955a1b74cd43724e346056030b0bacee",
                "sha256:43b168bba889886b62edb0397cab5b6490ffb656ee2fcb22dec8bfeb371a9e12",
                "sha256:47eb32ef8c729dbc4f4273baece89398a4d4b5d21a1493efea77a17059f4df8a",
                "sha256:4810ea2ae622add560f4aa50c92fef975e475f7ac4900ce5ff5547b2434642d8",
                "sha256:4e997802d78cdb02623b5941830ab06f8860038faf344f0d288d325cc9c5d2ff",
                "sha256:4ebbeca9360c830766b9f0df3640b791be569d988f4be6c06d6fae41f187f105",
                "sha256:4f8c4998506241dedf59613082d1c18b836e26ef2a4caecad0ec41e2a15e4226",
                "sha256:55ccfd27c497b228581e2838d4386301227fc0cb47f5a12923ec2fe4f97b95af",
                "sha256:5717021b199e8353782dce03bd8a8f64438832b84e2885c4a645f9723bf656d9",
                "sha256:5c11ea22304d17d4385067588123658e9f23159225a27b983f343fcffc3e796a",
                "sha256:5e0227b8ed9074c6172cf55d85b5670199c99ab11fd27d2c473aa30aec67ee42",
                "sha256:62c9953cf85529c05b24705639ffa390f78c26449e15ec34d5339e8108c7c407",
                "sha256:6ba473efd11062d73e4f00c2b730255f9c1bdd73cd5f9fe5b5da8dbd4a717205",
                "sha256:740d103cd01458f22462dedeb5a3382b7f2c57d07ff033fbc9465919e5e1d0f3",
                "sha256:74cb3ca19a740be4caa18f238298b9d472c850f7b2ed89f396c00a4c97e2d9ff",
                "sha256:7b75fee5a16826cf5c46fe1c63116e4a156924d668c38b013e6276f2582230f0",
                "sha256:7cf684aa9bba4cd95ecb62c822a56de54e3ae0598c1a7f2065d51e24637a3c5d",
                "sha256:8012bd820c380c3d3db8435e8cf7592260257b378b649154a7948a663b5f84e9",
                "sha256:857f5fc3aa027ff5e57047da93f96e908a35fe602d24f5e5d8ce64bf1f2fc733",
                "sha256:8b1f135238e75d075359cf506b27bf3f4ca12029c47d3e769d8593a2024ce161",
                "sha256:8d0d0630930f5cd5af929040e0778cf676a46775753e442a3f60511f2409f48f",
                "sha256:90192cdc15ab7254caa7765a98132a5a41471cf739513cc9bcf7d2ffcc0ec7b2",
                "sha256:95b42cac65beae3a362629950c444077d1b44f1790ea2772beaea95451c086bb",
                "sha256:9745a4210b59e218ce64c91deb599ae8775c8a9da4e95fb2ee6fe745fc87d01a",
                "sha256:9d1ef56b56ed7e8f312c934436dea93bfa3e7368adfcf3df4c0da6d4de959a1e",
                "sha256:9eea33ad8c418847dd296e61eb683cae1c63329b6d854aefcd412e12d94ee235",
                "sha256:9f25d0ba0fe2b6d2c921cf587b2bf4c451860086534f40c384329fb96e2044d1",
                "sha256:9fe37a2de80aa785d340f2980276b17ef697ab8db6019b07ee4fd28a8359d2f3",
                "sha256:a38320582736922be8c865d46520c043bff350956dfc9fbaee3b2df4e1740a4b",
                "sha256:a462490e75e466edbb9fc4cd679b62187153b3ba804868452ef0577ec958f5ff",
                "sha256:a5ae5706058b27c74bac987d615105da17724172d5aaacc6c362a40599b6de43",
                "sha256:aa216f87594f951c17511efe5912808dfcc4befa464ab17c98d387830ce07b60",
                "sha256:ab0311bb2ffcd9f74b6c9de2dda1612c13c84b996d032cd74799adb656af4e8b",
                "sha256:ab594e75644421ae0a2484554832ca5895f8cab5ab62de30a1a57db460ce06c6",
                "sha256:aee397456a29b492c20fda2d8961e1ffb266223625346ace14e4b6d861ba9c80",
                "sha256:b045c800d55bc7e2cadd47f45a97c7b29f70f08a7c2fa13241905010a5493f94",
                "sha256:b77d5622ac5cc91d21ae9c2b284b5d5c51085a0bdb7b518dba263d0af006132c",
                "sha256:ba5bb3073d9db37c64520681dd2650f8bd40902d991e7b4cfaeece3e32561d08",
                "sha256:bdef5a1be32d0b07dcea3318a0be95d42c98ece24177820226b56276e06b63b0",
                "sha256:c2acfa49dd0ad0bf2a9c0bb9a985af02e89345a7189be1efc6baa085e0f72d7c",
                "sha256:c7cce76c138a91e720d1df54014a047e680b652336e1b73b8e3ff3158e05061e",
                "sha256:cc27a65069bcabac4552f34fd2dce923ce3fcde0721a16e4fb1b466d63ec831f",
                "sha256:cdbd912a61543a36aef85e34f212e5d2486e7c53ebfdb70d1e0b060cc50dd0bf",
                "sha256:cdcc92daeae268de1acf5b7befcd6cfffd9a047098199056c72e4623f531de18",
                "sha256:d3452c1ec703aa1c61e15dfe9d482543e4145e7c45a6b8566978fbb044265a21",
                "sha256:d6097538b0ae5c1b88c3b55afa245a66793a8fec7ada6755322e465fb1a0e8cc",
                "sha256:d8d3d9203705b5797f0af7e7e5baa17c8588030aaadb7f6a86107b7247303817",
                "sha256:e0611d244ce94d83f5b9aff441ad196c6e21b55f77f3c47608dcf651efe54c4a",
                "sha256:f12969a3765909cf5dc1e50b2436eb2c0e676a3c75773ab8cc3aa6175c16e902",
                "sha256:f44a39aee3cbb9b825285ff979ab887a25c5d336e5ec3574f1506a4671556a8d",
                "sha256:f9ce064e81fe79faa925ff03b9f4c1a98b0bbb4a1b8c1b015afa93030cb21a49",
                "sha256:fb2c46e275fbb9f0c92e7654b231543c7bbfa1df07cdc4b99fa73bedfde5c844",
                "sha256:fc2eb5d14a8e0d5df7b36288979176fbb39672d45184fc4b1c004d7c3ce29317"
            ],
            "markers": "python_version >= '3.9'",
            "version": "==1.0.4"
        }
    }
}
